# THIS IS AN AUTOGENERATED FILE. DO NOT EDIT THIS FILE DIRECTLY.
# yarn lockfile v1


"@urql/core@^1.11.0":
  version "1.11.7"
  resolved "https://registry.yarnpkg.com/@urql/core/-/core-1.11.7.tgz#ff0c7b613c2a4b2a76c462e1d65b2472142fe8ef"
  integrity sha512-0LGOfohIoCmBf66QEV8pdwehJUZkViGZLmwPoHwcZUx1ONgKsGTzjdNBdNnvCzfuaRLlsXj8r7GmO5M6oVKjsg==
  dependencies:
    wonka "^4.0.10"

typescript@^3.8.3:
  version "3.8.3"
  resolved "https://registry.yarnpkg.com/typescript/-/typescript-3.8.3.tgz#409eb8544ea0335711205869ec458ab109ee1061"
  integrity sha512-MYlEfn5VrLNsgudQTVJeNaQFUAI7DkhnOjdpAp4T+ku1TfQClewlbSuTVHiA+8skNBgaf02TL/kLOvig4y3G8w==

urql@^1.9.7:
  version "1.9.7"
  resolved "https://registry.yarnpkg.com/urql/-/urql-1.9.7.tgz#d3970a3af4a9d46528ec7c2f2e9839944875d8bf"
  integrity sha512-zMLVeoAzY+C/RQGXjYYNC/XMqzMoyF1xjMNELTz4FNwXMEnk1wfCbgcQBbHyRVPql/9/CjY9Igq7AxUfY67Y5Q==
  dependencies:
    "@urql/core" "^1.11.0"
    wonka "^4.0.9"

wonka@^4.0.10, wonka@^4.0.9:
  version "4.0.10"
  resolved "https://registry.yarnpkg.com/wonka/-/wonka-4.0.10.tgz#9739002b18fbc09dfc6cf1986743d35cdbd2fbe9"
  integrity sha512-mPBDKeU69lgH+OPd2x+mAb/ARwe2gMhRnQR05LDbZ4U7psq3l6m4QL38ET/JhYr0wtBWkHvW6PYTnqmwqqi76Q==
