# THIS IS AN AUTOGENERATED FILE. DO NOT EDIT THIS FILE DIRECTLY.
# yarn lockfile v1


"@urql/core@^1.11.0":
  version "1.11.8"
  resolved "https://registry.yarnpkg.com/@urql/core/-/core-1.11.8.tgz#6a3186ac84d6b08752585f42e8ec81539338d7a9"
  integrity sha512-lBlCjw3sLlblGIzRVg583IdsONUIt04f/LHI0oiEgNlPViZcRR3B31LCKyOChba/klIqSaDivaqCfzg5wyTPoQ==
  dependencies:
    wonka "^4.0.10"

typescript@3.9:
  version "3.9.3"
  resolved "https://registry.yarnpkg.com/typescript/-/typescript-3.9.3.tgz#d3ac8883a97c26139e42df5e93eeece33d610b8a"
  integrity sha512-D/wqnB2xzNFIcoBG9FG8cXRDjiqSTbG2wd8DMZeQyJlP1vfTkIxH4GKveWaEBYySKIg+USu+E+EDIR47SqnaMQ==

urql@^1.9.7:
  version "1.9.7"
  resolved "https://registry.yarnpkg.com/urql/-/urql-1.9.7.tgz#d3970a3af4a9d46528ec7c2f2e9839944875d8bf"
  integrity sha512-zMLVeoAzY+C/RQGXjYYNC/XMqzMoyF1xjMNELTz4FNwXMEnk1wfCbgcQBbHyRVPql/9/CjY9Igq7AxUfY67Y5Q==
  dependencies:
    "@urql/core" "^1.11.0"
    wonka "^4.0.9"

wonka@^4.0.10, wonka@^4.0.9:
  version "4.0.13"
  resolved "https://registry.yarnpkg.com/wonka/-/wonka-4.0.13.tgz#8d188160bd5742870c78ede7a4eba686d089a33f"
  integrity sha512-aWg92IVvbP/kp+q9rw+k/Uw3C/S2J0dTDNhEhivGVH3GXJZgpFk2nuyVtiS7Y1d0UG3m4jvOrR7bPXim6D/TBg==
